
Microsoft Visual Studio Solution File, Format Version 12.00
# Visual Studio 15
VisualStudioVersion = 15.0.28307.329
MinimumVisualStudioVersion = 10.0.40219.1
Project("{FAE04EC0-301F-11D3-BF4B-00C04F79EFBC}") = "KM.Bosman.WPFClient", "KM.Bosman.WPFClient\KM.Bosman.WPFClient.csproj", "{D9E214C6-87DE-427A-97AF-BB39637F2330}"
EndProject
Project("{FAE04EC0-301F-11D3-BF4B-00C04F79EFBC}") = "KM.Bosman.Models", "KM.Bosman.Models\KM.Bosman.Models.csproj", "{363B0D86-B5DA-43FC-AD0F-F0437FC57769}"
EndProject
Project("{FAE04EC0-301F-11D3-BF4B-00C04F79EFBC}") = "KM.Bosman.IServices", "KM.Bosman.IServices\KM.Bosman.IServices.csproj", "{0621420C-9A01-40B7-B3D8-94B38350B84D}"
EndProject
Project("{FAE04EC0-301F-11D3-BF4B-00C04F79EFBC}") = "KM.Bosman.FakeServices", "KM.Bosman.FakeServices\KM.Bosman.FakeServices.csproj", "{9AC30FC0-7D57-4944-A7DE-43BAF113DA32}"
EndProject
Project("{FAE04EC0-301F-11D3-BF4B-00C04F79EFBC}") = "KM.Bosman.ViewModels", "KM.Bosman.ViewModels\KM.Bosman.ViewModels.csproj", "{89A259E6-2F50-4338-88D9-742A132AABAF}"
EndProject
Global
	GlobalSection(SolutionConfigurationPlatforms) = preSolution
		Debug|Any CPU = Debug|Any CPU
		Release|Any CPU = Release|Any CPU
	EndGlobalSection
	GlobalSection(ProjectConfigurationPlatforms) = postSolution
		{D9E214C6-87DE-427A-97AF-BB39637F2330}.Debug|Any CPU.ActiveCfg = Debug|Any CPU
		{D9E214C6-87DE-427A-97AF-BB39637F2330}.Debug|Any CPU.Build.0 = Debug|Any CPU
		{D9E214C6-87DE-427A-97AF-BB39637F2330}.Release|Any CPU.ActiveCfg = Release|Any CPU
		{D9E214C6-87DE-427A-97AF-BB39637F2330}.Release|Any CPU.Build.0 = Release|Any CPU
		{363B0D86-B5DA-43FC-AD0F-F0437FC57769}.Debug|Any CPU.ActiveCfg = Debug|Any CPU
		{363B0D86-B5DA-43FC-AD0F-F0437FC57769}.Debug|Any CPU.Build.0 = Debug|Any CPU
		{363B0D86-B5DA-43FC-AD0F-F0437FC57769}.Release|Any CPU.ActiveCfg = Release|Any CPU
		{363B0D86-B5DA-43FC-AD0F-F0437FC57769}.Release|Any CPU.Build.0 = Release|Any CPU
		{0621420C-9A01-40B7-B3D8-94B38350B84D}.Debug|Any CPU.ActiveCfg = Debug|Any CPU
		{0621420C-9A01-40B7-B3D8-94B38350B84D}.Debug|Any CPU.Build.0 = Debug|Any CPU
		{0621420C-9A01-40B7-B3D8-94B38350B84D}.Release|Any CPU.ActiveCfg = Release|Any CPU
		{0621420C-9A01-40B7-B3D8-94B38350B84D}.Release|Any CPU.Build.0 = Release|Any CPU
		{9AC30FC0-7D57-4944-A7DE-43BAF113DA32}.Debug|Any CPU.ActiveCfg = Debug|Any CPU
		{9AC30FC0-7D57-4944-A7DE-43BAF113DA32}.Debug|Any CPU.Build.0 = Debug|Any CPU
		{9AC30FC0-7D57-4944-A7DE-43BAF113DA32}.Release|Any CPU.ActiveCfg = Release|Any CPU
		{9AC30FC0-7D57-4944-A7DE-43BAF113DA32}.Release|Any CPU.Build.0 = Release|Any CPU
		{89A259E6-2F50-4338-88D9-742A132AABAF}.Debug|Any CPU.ActiveCfg = Debug|Any CPU
		{89A259E6-2F50-4338-88D9-742A132AABAF}.Debug|Any CPU.Build.0 = Debug|Any CPU
		{89A259E6-2F50-4338-88D9-742A132AABAF}.Release|Any CPU.ActiveCfg = Release|Any CPU
		{89A259E6-2F50-4338-88D9-742A132AABAF}.Release|Any CPU.Build.0 = Release|Any CPU
	EndGlobalSection
	GlobalSection(SolutionProperties) = preSolution
		HideSolutionNode = FALSE
	EndGlobalSection
	GlobalSection(ExtensibilityGlobals) = postSolution
		SolutionGuid = {7E08DB9A-9AB1-4C47-8EE2-42ED02783EE4}
	EndGlobalSection
EndGlobal
